
Microsoft Visual Studio Solution File, Format Version 12.00
# Visual Studio 15
VisualStudioVersion = 15.0.27703.2047
MinimumVisualStudioVersion = 10.0.40219.1
Project("{2150E333-8FDC-42A3-9474-1A3956D46DE8}") = "1. Creacional", "1. Creacional", "{F4EDBA2F-5B20-4439-8AD8-960BF46B1EBD}"
EndProject
Project("{2150E333-8FDC-42A3-9474-1A3956D46DE8}") = "3. Comportamiento", "3. Comportamiento", "{2D331A6E-FF65-4B3E-85C0-4FD2BA3835AD}"
EndProject
Project("{2150E333-8FDC-42A3-9474-1A3956D46DE8}") = "2. Estructural", "2. Estructural", "{9A635351-56F8-46B7-BA15-F9BCE3C88E83}"
EndProject
Project("{2150E333-8FDC-42A3-9474-1A3956D46DE8}") = "AbstractFactory", "AbstractFactory", "{A30DC7CA-F21B-49BB-A5F2-DF682051A68F}"
EndProject
Project("{2150E333-8FDC-42A3-9474-1A3956D46DE8}") = "Singleton", "Singleton", "{D3E1B705-0D80-48AB-AC9B-563D7E15638A}"
EndProject
Project("{2150E333-8FDC-42A3-9474-1A3956D46DE8}") = "Builder", "Builder", "{A317EC5F-A05C-4E7E-BCEE-7461B1153E2B}"
EndProject
Project("{2150E333-8FDC-42A3-9474-1A3956D46DE8}") = "FactoryMethod", "FactoryMethod", "{22B06F57-54C4-4F28-BAAA-5172E7106215}"
EndProject
Project("{2150E333-8FDC-42A3-9474-1A3956D46DE8}") = "Prototype", "Prototype", "{D6EDBCD9-A36F-4995-B8EF-DCC4CE27DBDF}"
EndProject
Project("{9A19103F-16F7-4668-BE54-9A1E7A4F7556}") = "AbstractFactory1", "AbstractFactory1\AbstractFactory1.csproj", "{213241E7-DD0D-40DF-AA0B-1982EDDFC15D}"
EndProject
Project("{FAE04EC0-301F-11D3-BF4B-00C04F79EFBC}") = "AbstractFactory2", "AbstractFactory2\AbstractFactory2.csproj", "{F82385E9-D835-4457-9997-37791D951C7F}"
EndProject
Project("{2150E333-8FDC-42A3-9474-1A3956D46DE8}") = "Common", "Common", "{FD3A2850-AEBD-4221-A184-79FAEA7220CE}"
EndProject
Project("{FAE04EC0-301F-11D3-BF4B-00C04F79EFBC}") = "Util", "Util\Util.csproj", "{D760B40F-C8D4-449E-81E9-B37B25CA364A}"
EndProject
Project("{FAE04EC0-301F-11D3-BF4B-00C04F79EFBC}") = "AbstractFactory3", "AbstractFactory3\AbstractFactory3.csproj", "{58B0C465-E0B1-4C15-BA93-60178670E2F5}"
EndProject
Project("{FAE04EC0-301F-11D3-BF4B-00C04F79EFBC}") = "AbstractFactory4", "BlackOlives\AbstractFactory4.csproj", "{7D235F00-FD37-4014-BD33-C5C64B3ACAAB}"
EndProject
Project("{FAE04EC0-301F-11D3-BF4B-00C04F79EFBC}") = "AbstractFactory5", "AbstractFactory5\AbstractFactory5.csproj", "{D112263F-9D66-40E8-9FBA-37C266408B20}"
EndProject
Project("{FAE04EC0-301F-11D3-BF4B-00C04F79EFBC}") = "Builder.One", "Builder.One\Builder.One.csproj", "{AF13902C-F749-43DA-B5DB-8963E571B4C7}"
EndProject
Project("{FAE04EC0-301F-11D3-BF4B-00C04F79EFBC}") = "Builder.Two", "Builder.Two\Builder.Two.csproj", "{DAC4D5F7-4F86-4266-8EB0-CC97CC492BD4}"
EndProject
Project("{FAE04EC0-301F-11D3-BF4B-00C04F79EFBC}") = "Builder1Problem1", "Builder1Problem1\Builder1Problem1.csproj", "{ED4B1DC9-D4B4-4BDC-AB9A-43F65F6153CC}"
EndProject
Project("{FAE04EC0-301F-11D3-BF4B-00C04F79EFBC}") = "Builder1Problem2", "Builder1Problem2\Builder1Problem2.csproj", "{8CD795C9-F093-4D67-90E1-CF823CF21B5F}"
EndProject
Project("{FAE04EC0-301F-11D3-BF4B-00C04F79EFBC}") = "FactoryMethod1", "FactoryMethod1\FactoryMethod1.csproj", "{65B90176-147C-4A3A-803B-EFC83E438379}"
EndProject
Project("{FAE04EC0-301F-11D3-BF4B-00C04F79EFBC}") = "FactoryMethod2", "FactoryMethod2\FactoryMethod2.csproj", "{EAD7C150-2BA5-4D04-BA1E-5AC620426D62}"
EndProject
Project("{FAE04EC0-301F-11D3-BF4B-00C04F79EFBC}") = "FactoryMethod3", "FactoryMethod3\FactoryMethod3.csproj", "{DD0D3D6C-2EBB-4DF5-AE45-C8FA2047C2B1}"
EndProject
Project("{FAE04EC0-301F-11D3-BF4B-00C04F79EFBC}") = "FactoryMethod4", "FactoryMethod4\FactoryMethod4.csproj", "{558FD865-253F-4E37-B545-327430876A5D}"
EndProject
Project("{FAE04EC0-301F-11D3-BF4B-00C04F79EFBC}") = "FactoryMethod5", "FactoryMethod5\FactoryMethod5.csproj", "{82F29F57-0042-4271-B615-61992D4B9334}"
EndProject
Project("{FAE04EC0-301F-11D3-BF4B-00C04F79EFBC}") = "FactoryMethod6", "FactoryMethod6\FactoryMethod6.csproj", "{458F8149-4E57-4F0E-9EAD-7B2EC7D1CA1D}"
EndProject
Project("{FAE04EC0-301F-11D3-BF4B-00C04F79EFBC}") = "FactoryMethod7", "FactoryMethod7\FactoryMethod7.csproj", "{B77F1E88-AAB9-45AB-89B2-B01965182268}"
EndProject
Project("{FAE04EC0-301F-11D3-BF4B-00C04F79EFBC}") = "FactoryMethod8", "FactoryMethod8\FactoryMethod8.csproj", "{D0D89810-5AFB-432A-8D87-7977B6AB035A}"
EndProject
Project("{FAE04EC0-301F-11D3-BF4B-00C04F79EFBC}") = "Prototype1", "Prototype1\Prototype1.csproj", "{A2980231-9CA9-4311-BB01-D3CB76CBB63A}"
EndProject
Project("{FAE04EC0-301F-11D3-BF4B-00C04F79EFBC}") = "Prototype2", "Prototype2\Prototype2.csproj", "{0F043CF2-E13C-435A-B617-A74DD5DECC6D}"
EndProject
Project("{FAE04EC0-301F-11D3-BF4B-00C04F79EFBC}") = "Prototype3", "Prototype3\Prototype3.csproj", "{9EAABDFC-A296-4D89-BF7B-9042806EC123}"
EndProject
Project("{FAE04EC0-301F-11D3-BF4B-00C04F79EFBC}") = "Singleton1", "Singleton1\Singleton1.csproj", "{AEDBEC37-948B-48F7-BDB1-B9ACE8091D63}"
EndProject
Project("{2150E333-8FDC-42A3-9474-1A3956D46DE8}") = "Visitor", "Visitor", "{032C6312-FC75-41E2-A04A-2C5251128037}"
EndProject
Project("{FAE04EC0-301F-11D3-BF4B-00C04F79EFBC}") = "Visitor1", "Visitor1\Visitor1.csproj", "{8C48ED6A-C663-4969-9F83-8F7ACB28C83F}"
EndProject
Project("{FAE04EC0-301F-11D3-BF4B-00C04F79EFBC}") = "Visitor2", "Visitor2\Visitor2.csproj", "{21437391-CC8C-4EAB-BAD4-97531613A52B}"
EndProject
Global
	GlobalSection(SolutionConfigurationPlatforms) = preSolution
		Debug|Any CPU = Debug|Any CPU
		Release|Any CPU = Release|Any CPU
	EndGlobalSection
	GlobalSection(ProjectConfigurationPlatforms) = postSolution
		{213241E7-DD0D-40DF-AA0B-1982EDDFC15D}.Debug|Any CPU.ActiveCfg = Debug|Any CPU
		{213241E7-DD0D-40DF-AA0B-1982EDDFC15D}.Debug|Any CPU.Build.0 = Debug|Any CPU
		{213241E7-DD0D-40DF-AA0B-1982EDDFC15D}.Release|Any CPU.ActiveCfg = Release|Any CPU
		{213241E7-DD0D-40DF-AA0B-1982EDDFC15D}.Release|Any CPU.Build.0 = Release|Any CPU
		{F82385E9-D835-4457-9997-37791D951C7F}.Debug|Any CPU.ActiveCfg = Debug|Any CPU
		{F82385E9-D835-4457-9997-37791D951C7F}.Debug|Any CPU.Build.0 = Debug|Any CPU
		{F82385E9-D835-4457-9997-37791D951C7F}.Release|Any CPU.ActiveCfg = Release|Any CPU
		{F82385E9-D835-4457-9997-37791D951C7F}.Release|Any CPU.Build.0 = Release|Any CPU
		{D760B40F-C8D4-449E-81E9-B37B25CA364A}.Debug|Any CPU.ActiveCfg = Debug|Any CPU
		{D760B40F-C8D4-449E-81E9-B37B25CA364A}.Debug|Any CPU.Build.0 = Debug|Any CPU
		{D760B40F-C8D4-449E-81E9-B37B25CA364A}.Release|Any CPU.ActiveCfg = Release|Any CPU
		{D760B40F-C8D4-449E-81E9-B37B25CA364A}.Release|Any CPU.Build.0 = Release|Any CPU
		{58B0C465-E0B1-4C15-BA93-60178670E2F5}.Debug|Any CPU.ActiveCfg = Debug|Any CPU
		{58B0C465-E0B1-4C15-BA93-60178670E2F5}.Debug|Any CPU.Build.0 = Debug|Any CPU
		{58B0C465-E0B1-4C15-BA93-60178670E2F5}.Release|Any CPU.ActiveCfg = Release|Any CPU
		{58B0C465-E0B1-4C15-BA93-60178670E2F5}.Release|Any CPU.Build.0 = Release|Any CPU
		{7D235F00-FD37-4014-BD33-C5C64B3ACAAB}.Debug|Any CPU.ActiveCfg = Debug|Any CPU
		{7D235F00-FD37-4014-BD33-C5C64B3ACAAB}.Debug|Any CPU.Build.0 = Debug|Any CPU
		{7D235F00-FD37-4014-BD33-C5C64B3ACAAB}.Release|Any CPU.ActiveCfg = Release|Any CPU
		{7D235F00-FD37-4014-BD33-C5C64B3ACAAB}.Release|Any CPU.Build.0 = Release|Any CPU
		{D112263F-9D66-40E8-9FBA-37C266408B20}.Debug|Any CPU.ActiveCfg = Debug|Any CPU
		{D112263F-9D66-40E8-9FBA-37C266408B20}.Debug|Any CPU.Build.0 = Debug|Any CPU
		{D112263F-9D66-40E8-9FBA-37C266408B20}.Release|Any CPU.ActiveCfg = Release|Any CPU
		{D112263F-9D66-40E8-9FBA-37C266408B20}.Release|Any CPU.Build.0 = Release|Any CPU
		{AF13902C-F749-43DA-B5DB-8963E571B4C7}.Debug|Any CPU.ActiveCfg = Debug|Any CPU
		{AF13902C-F749-43DA-B5DB-8963E571B4C7}.Debug|Any CPU.Build.0 = Debug|Any CPU
		{AF13902C-F749-43DA-B5DB-8963E571B4C7}.Release|Any CPU.ActiveCfg = Release|Any CPU
		{AF13902C-F749-43DA-B5DB-8963E571B4C7}.Release|Any CPU.Build.0 = Release|Any CPU
		{DAC4D5F7-4F86-4266-8EB0-CC97CC492BD4}.Debug|Any CPU.ActiveCfg = Debug|Any CPU
		{DAC4D5F7-4F86-4266-8EB0-CC97CC492BD4}.Debug|Any CPU.Build.0 = Debug|Any CPU
		{DAC4D5F7-4F86-4266-8EB0-CC97CC492BD4}.Release|Any CPU.ActiveCfg = Release|Any CPU
		{DAC4D5F7-4F86-4266-8EB0-CC97CC492BD4}.Release|Any CPU.Build.0 = Release|Any CPU
		{ED4B1DC9-D4B4-4BDC-AB9A-43F65F6153CC}.Debug|Any CPU.ActiveCfg = Debug|Any CPU
		{ED4B1DC9-D4B4-4BDC-AB9A-43F65F6153CC}.Debug|Any CPU.Build.0 = Debug|Any CPU
		{ED4B1DC9-D4B4-4BDC-AB9A-43F65F6153CC}.Release|Any CPU.ActiveCfg = Release|Any CPU
		{ED4B1DC9-D4B4-4BDC-AB9A-43F65F6153CC}.Release|Any CPU.Build.0 = Release|Any CPU
		{8CD795C9-F093-4D67-90E1-CF823CF21B5F}.Debug|Any CPU.ActiveCfg = Debug|Any CPU
		{8CD795C9-F093-4D67-90E1-CF823CF21B5F}.Debug|Any CPU.Build.0 = Debug|Any CPU
		{8CD795C9-F093-4D67-90E1-CF823CF21B5F}.Release|Any CPU.ActiveCfg = Release|Any CPU
		{8CD795C9-F093-4D67-90E1-CF823CF21B5F}.Release|Any CPU.Build.0 = Release|Any CPU
		{65B90176-147C-4A3A-803B-EFC83E438379}.Debug|Any CPU.ActiveCfg = Debug|Any CPU
		{65B90176-147C-4A3A-803B-EFC83E438379}.Debug|Any CPU.Build.0 = Debug|Any CPU
		{65B90176-147C-4A3A-803B-EFC83E438379}.Release|Any CPU.ActiveCfg = Release|Any CPU
		{65B90176-147C-4A3A-803B-EFC83E438379}.Release|Any CPU.Build.0 = Release|Any CPU
		{EAD7C150-2BA5-4D04-BA1E-5AC620426D62}.Debug|Any CPU.ActiveCfg = Debug|Any CPU
		{EAD7C150-2BA5-4D04-BA1E-5AC620426D62}.Debug|Any CPU.Build.0 = Debug|Any CPU
		{EAD7C150-2BA5-4D04-BA1E-5AC620426D62}.Release|Any CPU.ActiveCfg = Release|Any CPU
		{EAD7C150-2BA5-4D04-BA1E-5AC620426D62}.Release|Any CPU.Build.0 = Release|Any CPU
		{DD0D3D6C-2EBB-4DF5-AE45-C8FA2047C2B1}.Debug|Any CPU.ActiveCfg = Debug|Any CPU
		{DD0D3D6C-2EBB-4DF5-AE45-C8FA2047C2B1}.Debug|Any CPU.Build.0 = Debug|Any CPU
		{DD0D3D6C-2EBB-4DF5-AE45-C8FA2047C2B1}.Release|Any CPU.ActiveCfg = Release|Any CPU
		{DD0D3D6C-2EBB-4DF5-AE45-C8FA2047C2B1}.Release|Any CPU.Build.0 = Release|Any CPU
		{558FD865-253F-4E37-B545-327430876A5D}.Debug|Any CPU.ActiveCfg = Debug|Any CPU
		{558FD865-253F-4E37-B545-327430876A5D}.Debug|Any CPU.Build.0 = Debug|Any CPU
		{558FD865-253F-4E37-B545-327430876A5D}.Release|Any CPU.ActiveCfg = Release|Any CPU
		{558FD865-253F-4E37-B545-327430876A5D}.Release|Any CPU.Build.0 = Release|Any CPU
		{82F29F57-0042-4271-B615-61992D4B9334}.Debug|Any CPU.ActiveCfg = Debug|Any CPU
		{82F29F57-0042-4271-B615-61992D4B9334}.Debug|Any CPU.Build.0 = Debug|Any CPU
		{82F29F57-0042-4271-B615-61992D4B9334}.Release|Any CPU.ActiveCfg = Release|Any CPU
		{82F29F57-0042-4271-B615-61992D4B9334}.Release|Any CPU.Build.0 = Release|Any CPU
		{458F8149-4E57-4F0E-9EAD-7B2EC7D1CA1D}.Debug|Any CPU.ActiveCfg = Debug|Any CPU
		{458F8149-4E57-4F0E-9EAD-7B2EC7D1CA1D}.Debug|Any CPU.Build.0 = Debug|Any CPU
		{458F8149-4E57-4F0E-9EAD-7B2EC7D1CA1D}.Release|Any CPU.ActiveCfg = Release|Any CPU
		{458F8149-4E57-4F0E-9EAD-7B2EC7D1CA1D}.Release|Any CPU.Build.0 = Release|Any CPU
		{B77F1E88-AAB9-45AB-89B2-B01965182268}.Debug|Any CPU.ActiveCfg = Debug|Any CPU
		{B77F1E88-AAB9-45AB-89B2-B01965182268}.Debug|Any CPU.Build.0 = Debug|Any CPU
		{B77F1E88-AAB9-45AB-89B2-B01965182268}.Release|Any CPU.ActiveCfg = Release|Any CPU
		{B77F1E88-AAB9-45AB-89B2-B01965182268}.Release|Any CPU.Build.0 = Release|Any CPU
		{D0D89810-5AFB-432A-8D87-7977B6AB035A}.Debug|Any CPU.ActiveCfg = Debug|Any CPU
		{D0D89810-5AFB-432A-8D87-7977B6AB035A}.Debug|Any CPU.Build.0 = Debug|Any CPU
		{D0D89810-5AFB-432A-8D87-7977B6AB035A}.Release|Any CPU.ActiveCfg = Release|Any CPU
		{D0D89810-5AFB-432A-8D87-7977B6AB035A}.Release|Any CPU.Build.0 = Release|Any CPU
		{A2980231-9CA9-4311-BB01-D3CB76CBB63A}.Debug|Any CPU.ActiveCfg = Debug|Any CPU
		{A2980231-9CA9-4311-BB01-D3CB76CBB63A}.Debug|Any CPU.Build.0 = Debug|Any CPU
		{A2980231-9CA9-4311-BB01-D3CB76CBB63A}.Release|Any CPU.ActiveCfg = Release|Any CPU
		{A2980231-9CA9-4311-BB01-D3CB76CBB63A}.Release|Any CPU.Build.0 = Release|Any CPU
		{0F043CF2-E13C-435A-B617-A74DD5DECC6D}.Debug|Any CPU.ActiveCfg = Debug|Any CPU
		{0F043CF2-E13C-435A-B617-A74DD5DECC6D}.Debug|Any CPU.Build.0 = Debug|Any CPU
		{0F043CF2-E13C-435A-B617-A74DD5DECC6D}.Release|Any CPU.ActiveCfg = Release|Any CPU
		{0F043CF2-E13C-435A-B617-A74DD5DECC6D}.Release|Any CPU.Build.0 = Release|Any CPU
		{9EAABDFC-A296-4D89-BF7B-9042806EC123}.Debug|Any CPU.ActiveCfg = Debug|Any CPU
		{9EAABDFC-A296-4D89-BF7B-9042806EC123}.Debug|Any CPU.Build.0 = Debug|Any CPU
		{9EAABDFC-A296-4D89-BF7B-9042806EC123}.Release|Any CPU.ActiveCfg = Release|Any CPU
		{9EAABDFC-A296-4D89-BF7B-9042806EC123}.Release|Any CPU.Build.0 = Release|Any CPU
		{AEDBEC37-948B-48F7-BDB1-B9ACE8091D63}.Debug|Any CPU.ActiveCfg = Debug|Any CPU
		{AEDBEC37-948B-48F7-BDB1-B9ACE8091D63}.Debug|Any CPU.Build.0 = Debug|Any CPU
		{AEDBEC37-948B-48F7-BDB1-B9ACE8091D63}.Release|Any CPU.ActiveCfg = Release|Any CPU
		{AEDBEC37-948B-48F7-BDB1-B9ACE8091D63}.Release|Any CPU.Build.0 = Release|Any CPU
		{8C48ED6A-C663-4969-9F83-8F7ACB28C83F}.Debug|Any CPU.ActiveCfg = Debug|Any CPU
		{8C48ED6A-C663-4969-9F83-8F7ACB28C83F}.Debug|Any CPU.Build.0 = Debug|Any CPU
		{8C48ED6A-C663-4969-9F83-8F7ACB28C83F}.Release|Any CPU.ActiveCfg = Release|Any CPU
		{8C48ED6A-C663-4969-9F83-8F7ACB28C83F}.Release|Any CPU.Build.0 = Release|Any CPU
		{21437391-CC8C-4EAB-BAD4-97531613A52B}.Debug|Any CPU.ActiveCfg = Debug|Any CPU
		{21437391-CC8C-4EAB-BAD4-97531613A52B}.Debug|Any CPU.Build.0 = Debug|Any CPU
		{21437391-CC8C-4EAB-BAD4-97531613A52B}.Release|Any CPU.ActiveCfg = Release|Any CPU
		{21437391-CC8C-4EAB-BAD4-97531613A52B}.Release|Any CPU.Build.0 = Release|Any CPU
	EndGlobalSection
	GlobalSection(SolutionProperties) = preSolution
		HideSolutionNode = FALSE
	EndGlobalSection
	GlobalSection(NestedProjects) = preSolution
		{A30DC7CA-F21B-49BB-A5F2-DF682051A68F} = {F4EDBA2F-5B20-4439-8AD8-960BF46B1EBD}
		{D3E1B705-0D80-48AB-AC9B-563D7E15638A} = {F4EDBA2F-5B20-4439-8AD8-960BF46B1EBD}
		{A317EC5F-A05C-4E7E-BCEE-7461B1153E2B} = {F4EDBA2F-5B20-4439-8AD8-960BF46B1EBD}
		{22B06F57-54C4-4F28-BAAA-5172E7106215} = {F4EDBA2F-5B20-4439-8AD8-960BF46B1EBD}
		{D6EDBCD9-A36F-4995-B8EF-DCC4CE27DBDF} = {F4EDBA2F-5B20-4439-8AD8-960BF46B1EBD}
		{213241E7-DD0D-40DF-AA0B-1982EDDFC15D} = {A30DC7CA-F21B-49BB-A5F2-DF682051A68F}
		{F82385E9-D835-4457-9997-37791D951C7F} = {A30DC7CA-F21B-49BB-A5F2-DF682051A68F}
		{D760B40F-C8D4-449E-81E9-B37B25CA364A} = {FD3A2850-AEBD-4221-A184-79FAEA7220CE}
		{58B0C465-E0B1-4C15-BA93-60178670E2F5} = {A30DC7CA-F21B-49BB-A5F2-DF682051A68F}
		{7D235F00-FD37-4014-BD33-C5C64B3ACAAB} = {A30DC7CA-F21B-49BB-A5F2-DF682051A68F}
		{D112263F-9D66-40E8-9FBA-37C266408B20} = {A30DC7CA-F21B-49BB-A5F2-DF682051A68F}
		{AF13902C-F749-43DA-B5DB-8963E571B4C7} = {A317EC5F-A05C-4E7E-BCEE-7461B1153E2B}
		{DAC4D5F7-4F86-4266-8EB0-CC97CC492BD4} = {A317EC5F-A05C-4E7E-BCEE-7461B1153E2B}
		{ED4B1DC9-D4B4-4BDC-AB9A-43F65F6153CC} = {A317EC5F-A05C-4E7E-BCEE-7461B1153E2B}
		{8CD795C9-F093-4D67-90E1-CF823CF21B5F} = {A317EC5F-A05C-4E7E-BCEE-7461B1153E2B}
		{65B90176-147C-4A3A-803B-EFC83E438379} = {22B06F57-54C4-4F28-BAAA-5172E7106215}
		{EAD7C150-2BA5-4D04-BA1E-5AC620426D62} = {22B06F57-54C4-4F28-BAAA-5172E7106215}
		{DD0D3D6C-2EBB-4DF5-AE45-C8FA2047C2B1} = {22B06F57-54C4-4F28-BAAA-5172E7106215}
		{558FD865-253F-4E37-B545-327430876A5D} = {22B06F57-54C4-4F28-BAAA-5172E7106215}
		{82F29F57-0042-4271-B615-61992D4B9334} = {22B06F57-54C4-4F28-BAAA-5172E7106215}
		{458F8149-4E57-4F0E-9EAD-7B2EC7D1CA1D} = {22B06F57-54C4-4F28-BAAA-5172E7106215}
		{B77F1E88-AAB9-45AB-89B2-B01965182268} = {22B06F57-54C4-4F28-BAAA-5172E7106215}
		{D0D89810-5AFB-432A-8D87-7977B6AB035A} = {22B06F57-54C4-4F28-BAAA-5172E7106215}
		{A2980231-9CA9-4311-BB01-D3CB76CBB63A} = {D6EDBCD9-A36F-4995-B8EF-DCC4CE27DBDF}
		{0F043CF2-E13C-435A-B617-A74DD5DECC6D} = {D6EDBCD9-A36F-4995-B8EF-DCC4CE27DBDF}
		{9EAABDFC-A296-4D89-BF7B-9042806EC123} = {D6EDBCD9-A36F-4995-B8EF-DCC4CE27DBDF}
		{AEDBEC37-948B-48F7-BDB1-B9ACE8091D63} = {D3E1B705-0D80-48AB-AC9B-563D7E15638A}
		{032C6312-FC75-41E2-A04A-2C5251128037} = {2D331A6E-FF65-4B3E-85C0-4FD2BA3835AD}
		{8C48ED6A-C663-4969-9F83-8F7ACB28C83F} = {032C6312-FC75-41E2-A04A-2C5251128037}
		{21437391-CC8C-4EAB-BAD4-97531613A52B} = {032C6312-FC75-41E2-A04A-2C5251128037}
	EndGlobalSection
	GlobalSection(ExtensibilityGlobals) = postSolution
		SolutionGuid = {B8CD08A2-49C9-460B-A8F6-A724A4326E92}
	EndGlobalSection
EndGlobal
